{
  "version": "4",
  "specifiers": {
    "jsr:@supabase/functions-js@*": "2.4.4",
    "npm:@types/node@*": "22.12.0",
    "npm:openai@^4.52.5": "4.89.0"
  },
  "jsr": {
    "@supabase/functions-js@2.4.4": {
      "integrity": "38456509a6e22fb116b118464cbb36357256f9048d3580632b63af91f63769f7",
      "dependencies": [
        "npm:openai"
      ]
    }
  },
  "npm": {
    "@types/node-fetch@2.6.12": {
      "integrity": "sha512-8nneRWKCg3rMtF69nLQJnOYUcbafYeFSjqkw3jCRLsqkWFlHaoQrr5mXmofFGOx3DKn7UfmBMyov8ySvLRVldA==",
      "dependencies": [
        "@types/node@22.12.0",
        "form-data"
      ]
    },
    "@types/node@18.19.83": {
      "integrity": "sha512-D69JeR5SfFS5H6FLbUaS0vE4r1dGhmMBbG4Ed6BNS4wkDK8GZjsdCShT5LCN59vOHEUHnFCY9J4aclXlIphMkA==",
      "dependencies": [
        "undici-types@5.26.5"
      ]
    },
    "@types/node@22.12.0": {
      "integrity": "sha512-Fll2FZ1riMjNmlmJOdAyY5pUbkftXslB5DgEzlIuNaiWhXd00FhWxVC/r4yV/4wBb9JfImTu+jiSvXTkJ7F/gA==",
      "dependencies": [
        "undici-types@6.20.0"
      ]
    },
    "abort-controller@3.0.0": {
      "integrity": "sha512-h8lQ8tacZYnR3vNQTgibj+tODHI5/+l06Au2Pcriv/Gmet0eaj4TwWH41sO9wnHDiQsEj19q0drzdWdeAHtweg==",
      "dependencies": [
        "event-target-shim"
      ]
    },
    "agentkeepalive@4.6.0": {
      "integrity": "sha512-kja8j7PjmncONqaTsB8fQ+wE2mSU2DJ9D4XKoJ5PFWIdRMa6SLSN1ff4mOr4jCbfRSsxR4keIiySJU0N9T5hIQ==",
      "dependencies": [
        "humanize-ms"
      ]
    },
    "asynckit@0.4.0": {
      "integrity": "sha512-Oei9OH4tRh0YqU3GxhX79dM/mwVgvbZJaSNaRk+bshkj0S5cfHcgYakreBjrHwatXKbz+IoIdYLxrKim2MjW0Q=="
    },
    "call-bind-apply-helpers@1.0.2": {
      "integrity": "sha512-Sp1ablJ0ivDkSzjcaJdxEunN5/XvksFJ2sMBFfq6x0ryhQV/2b/KwFe21cMpmHtPOSij8K99/wSfoEuTObmuMQ==",
      "dependencies": [
        "es-errors",
        "function-bind"
      ]
    },
    "combined-stream@1.0.8": {
      "integrity": "sha512-FQN4MRfuJeHf7cBbBMJFXhKSDq+2kAArBlmRBvcvFE5BB1HZKXtSFASDhdlz9zOYwxh8lDdnvmMOe/+5cdoEdg==",
      "dependencies": [
        "delayed-stream"
      ]
    },
    "delayed-stream@1.0.0": {
      "integrity": "sha512-ZySD7Nf91aLB0RxL4KGrKHBXl7Eds1DAmEdcoVawXnLD7SDhpNgtuII2aAkg7a7QS41jxPSZ17p4VdGnMHk3MQ=="
    },
    "dunder-proto@1.0.1": {
      "integrity": "sha512-KIN/nDJBQRcXw0MLVhZE9iQHmG68qAVIBg9CqmUYjmQIhgij9U5MFvrqkUL5FbtyyzZuOeOt0zdeRe4UY7ct+A==",
      "dependencies": [
        "call-bind-apply-helpers",
        "es-errors",
        "gopd"
      ]
    },
    "es-define-property@1.0.1": {
      "integrity": "sha512-e3nRfgfUZ4rNGL232gUgX06QNyyez04KdjFrF+LTRoOXmrOgFKDg4BCdsjW8EnT69eqdYGmRpJwiPVYNrCaW3g=="
    },
    "es-errors@1.3.0": {
      "integrity": "sha512-Zf5H2Kxt2xjTvbJvP2ZWLEICxA6j+hAmMzIlypy4xcBg1vKVnx89Wy0GbS+kf5cwCVFFzdCFh2XSCFNULS6csw=="
    },
    "es-object-atoms@1.1.1": {
      "integrity": "sha512-FGgH2h8zKNim9ljj7dankFPcICIK9Cp5bm+c2gQSYePhpaG5+esrLODihIorn+Pe6FGJzWhXQotPv73jTaldXA==",
      "dependencies": [
        "es-errors"
      ]
    },
    "es-set-tostringtag@2.1.0": {
      "integrity": "sha512-j6vWzfrGVfyXxge+O0x5sh6cvxAog0a/4Rdd2K36zCMV5eJ+/+tOAngRO8cODMNWbVRdVlmGZQL2YS3yR8bIUA==",
      "dependencies": [
        "es-errors",
        "get-intrinsic",
        "has-tostringtag",
        "hasown"
      ]
    },
    "event-target-shim@5.0.1": {
      "integrity": "sha512-i/2XbnSz/uxRCU6+NdVJgKWDTM427+MqYbkQzD321DuCQJUqOuJKIA0IM2+W2xtYHdKOmZ4dR6fExsd4SXL+WQ=="
    },
    "form-data-encoder@1.7.2": {
      "integrity": "sha512-qfqtYan3rxrnCk1VYaA4H+Ms9xdpPqvLZa6xmMgFvhO32x7/3J/ExcTd6qpxM0vH2GdMI+poehyBZvqfMTto8A=="
    },
    "form-data@4.0.2": {
      "integrity": "sha512-hGfm/slu0ZabnNt4oaRZ6uREyfCj6P4fT/n6A1rGV+Z0VdGXjfOhVUpkn6qVQONHGIFwmveGXyDs75+nr6FM8w==",
      "dependencies": [
        "asynckit",
        "combined-stream",
        "es-set-tostringtag",
        "mime-types"
      ]
    },
    "formdata-node@4.4.1": {
      "integrity": "sha512-0iirZp3uVDjVGt9p49aTaqjk84TrglENEDuqfdlZQ1roC9CWlPk6Avf8EEnZNcAqPonwkG35x4n3ww/1THYAeQ==",
      "dependencies": [
        "node-domexception",
        "web-streams-polyfill"
      ]
    },
    "function-bind@1.1.2": {
      "integrity": "sha512-7XHNxH7qX9xG5mIwxkhumTox/MIRNcOgDrxWsMt2pAr23WHp6MrRlN7FBSFpCpr+oVO0F744iUgR82nJMfG2SA=="
    },
    "get-intrinsic@1.3.0": {
      "integrity": "sha512-9fSjSaos/fRIVIp+xSJlE6lfwhES7LNtKaCBIamHsjr2na1BiABJPo0mOjjz8GJDURarmCPGqaiVg5mfjb98CQ==",
      "dependencies": [
        "call-bind-apply-helpers",
        "es-define-property",
        "es-errors",
        "es-object-atoms",
        "function-bind",
        "get-proto",
        "gopd",
        "has-symbols",
        "hasown",
        "math-intrinsics"
      ]
    },
    "get-proto@1.0.1": {
      "integrity": "sha512-sTSfBjoXBp89JvIKIefqw7U2CCebsc74kiY6awiGogKtoSGbgjYE/G/+l9sF3MWFPNc9IcoOC4ODfKHfxFmp0g==",
      "dependencies": [
        "dunder-proto",
        "es-object-atoms"
      ]
    },
    "gopd@1.2.0": {
      "integrity": "sha512-ZUKRh6/kUFoAiTAtTYPZJ3hw9wNxx+BIBOijnlG9PnrJsCcSjs1wyyD6vJpaYtgnzDrKYRSqf3OO6Rfa93xsRg=="
    },
    "has-symbols@1.1.0": {
      "integrity": "sha512-1cDNdwJ2Jaohmb3sg4OmKaMBwuC48sYni5HUw2DvsC8LjGTLK9h+eb1X6RyuOHe4hT0ULCW68iomhjUoKUqlPQ=="
    },
    "has-tostringtag@1.0.2": {
      "integrity": "sha512-NqADB8VjPFLM2V0VvHUewwwsw0ZWBaIdgo+ieHtK3hasLz4qeCRjYcqfB6AQrBggRKppKF8L52/VqdVsO47Dlw==",
      "dependencies": [
        "has-symbols"
      ]
    },
    "hasown@2.0.2": {
      "integrity": "sha512-0hJU9SCPvmMzIBdZFqNPXWa6dqh7WdH0cII9y+CyS8rG3nL48Bclra9HmKhVVUHyPWNH5Y7xDwAB7bfgSjkUMQ==",
      "dependencies": [
        "function-bind"
      ]
    },
    "humanize-ms@1.2.1": {
      "integrity": "sha512-Fl70vYtsAFb/C06PTS9dZBo7ihau+Tu/DNCk/OyHhea07S+aeMWpFFkUaXRa8fI+ScZbEI8dfSxwY7gxZ9SAVQ==",
      "dependencies": [
        "ms"
      ]
    },
    "math-intrinsics@1.1.0": {
      "integrity": "sha512-/IXtbwEk5HTPyEwyKX6hGkYXxM9nbj64B+ilVJnC/R6B0pH5G4V3b0pVbL7DBj4tkhBAppbQUlf6F6Xl9LHu1g=="
    },
    "mime-db@1.52.0": {
      "integrity": "sha512-sPU4uV7dYlvtWJxwwxHD0PuihVNiE7TyAbQ5SWxDCB9mUYvOgroQOwYQQOKPJ8CIbE+1ETVlOoK1UC2nU3gYvg=="
    },
    "mime-types@2.1.35": {
      "integrity": "sha512-ZDY+bPm5zTTF+YpCrAU9nK0UgICYPT0QtT1NZWFv4s++TNkcgVaT0g6+4R2uI4MjQjzysHB1zxuWL50hzaeXiw==",
      "dependencies": [
        "mime-db"
      ]
    },
    "ms@2.1.3": {
      "integrity": "sha512-6FlzubTLZG3J2a/NVCAleEhjzq5oxgHyaCU9yYXvcLsvoVaHJq/s5xXI6/XXP6tz7R9xAOtHnSO/tXtF3WRTlA=="
    },
    "node-domexception@1.0.0": {
      "integrity": "sha512-/jKZoMpw0F8GRwl4/eLROPA3cfcXtLApP0QzLmUT/HuPCZWyB7IY9ZrMeKw2O/nFIqPQB3PVM9aYm0F312AXDQ=="
    },
    "node-fetch@2.7.0": {
      "integrity": "sha512-c4FRfUm/dbcWZ7U+1Wq0AwCyFL+3nt2bEw05wfxSz+DWpWsitgmSgYmy2dQdWyKC1694ELPqMs/YzUSNozLt8A==",
      "dependencies": [
        "whatwg-url"
      ]
    },
    "openai@4.89.0": {
      "integrity": "sha512-XNI0q2l8/Os6jmojxaID5EhyQjxZgzR2gWcpEjYWK5hGKwE7AcifxEY7UNwFDDHJQXqeiosQ0CJwQN+rvnwdjA==",
      "dependencies": [
        "@types/node@18.19.83",
        "@types/node-fetch",
        "abort-controller",
        "agentkeepalive",
        "form-data-encoder",
        "formdata-node",
        "node-fetch"
      ]
    },
    "tr46@0.0.3": {
      "integrity": "sha512-N3WMsuqV66lT30CrXNbEjx4GEwlow3v6rr4mCcv6prnfwhS01rkgyFdjPNBYd9br7LpXV1+Emh01fHnq2Gdgrw=="
    },
    "undici-types@5.26.5": {
      "integrity": "sha512-JlCMO+ehdEIKqlFxk6IfVoAUVmgz7cU7zD/h9XZ0qzeosSHmUJVOzSQvvYSYWXkFXC+IfLKSIffhv0sVZup6pA=="
    },
    "undici-types@6.20.0": {
      "integrity": "sha512-Ny6QZ2Nju20vw1SRHe3d9jVu6gJ+4e3+MMpqu7pqE5HT6WsTSlce++GQmK5UXS8mzV8DSYHrQH+Xrf2jVcuKNg=="
    },
    "web-streams-polyfill@4.0.0-beta.3": {
      "integrity": "sha512-QW95TCTaHmsYfHDybGMwO5IJIM93I/6vTRk+daHTWFPhwh+C8Cg7j7XyKrwrj8Ib6vYXe0ocYNrmzY4xAAN6ug=="
    },
    "webidl-conversions@3.0.1": {
      "integrity": "sha512-2JAn3z8AR6rjK8Sm8orRC0h/bcl/DqL7tRPdGZ4I1CjdF+EaMLmYxBHyXuKL849eucPFhvBoxMsflfOb8kxaeQ=="
    },
    "whatwg-url@5.0.0": {
      "integrity": "sha512-saE57nupxk6v3HY35+jzBwYa0rKSy0XR8JSxZPwgLr7ys0IBzhGviA1/TUGJLmSVqs8pb9AnvICXEuOHLprYTw==",
      "dependencies": [
        "tr46",
        "webidl-conversions"
      ]
    }
  },
  "redirects": {
    "https://esm.sh/@supabase/node-fetch@^2.6.14?target=denonext": "https://esm.sh/@supabase/node-fetch@2.6.15?target=denonext",
    "https://esm.sh/@types/graceful-fs@~4.1.9/index.d.ts": "https://esm.sh/@types/graceful-fs@4.1.9/index.d.ts",
    "https://esm.sh/@types/lodash.throttle@~4.1.9/index.d.ts": "https://esm.sh/@types/lodash.throttle@4.1.9/index.d.ts",
    "https://esm.sh/@types/proper-lockfile@~4.1.4/index.d.ts": "https://esm.sh/@types/proper-lockfile@4.1.4/index.d.ts",
    "https://esm.sh/@types/querystringify@~2.0.2/index.d.ts": "https://esm.sh/@types/querystringify@2.0.2/index.d.ts",
    "https://esm.sh/@types/requires-port@~1.0.3/index.d.ts": "https://esm.sh/@types/requires-port@1.0.3/index.d.ts",
    "https://esm.sh/@types/retry@~0.12.5/index.d.ts": "https://esm.sh/@types/retry@0.12.5/index.d.ts",
    "https://esm.sh/@types/signal-exit@~3.0.4/index.d.ts": "https://esm.sh/@types/signal-exit@3.0.4/index.d.ts",
    "https://esm.sh/@types/url-parse@~1.4.11/index.d.ts": "https://esm.sh/@types/url-parse@1.4.11/index.d.ts",
    "https://esm.sh/@types/ws@~8.5.14/index.d.mts": "https://esm.sh/@types/ws@8.5.14/index.d.mts",
    "https://esm.sh/bufferutil@^4.0.1?target=denonext": "https://esm.sh/bufferutil@4.0.9?target=denonext",
    "https://esm.sh/combine-errors@^3.0.3?target=denonext": "https://esm.sh/combine-errors@3.0.3?target=denonext",
    "https://esm.sh/graceful-fs@^4.2.4?target=denonext": "https://esm.sh/graceful-fs@4.2.11?target=denonext",
    "https://esm.sh/is-stream@^2.0.0?target=denonext": "https://esm.sh/is-stream@2.0.1?target=denonext",
    "https://esm.sh/js-base64@^3.7.2?target=denonext": "https://esm.sh/js-base64@3.7.7?target=denonext",
    "https://esm.sh/lodash._baseiteratee@~4.7.0?target=denonext": "https://esm.sh/lodash._baseiteratee@4.7.0?target=denonext",
    "https://esm.sh/lodash._basetostring@~4.12.0?target=denonext": "https://esm.sh/lodash._basetostring@4.12.0?target=denonext",
    "https://esm.sh/lodash._baseuniq@~4.6.0?target=denonext": "https://esm.sh/lodash._baseuniq@4.6.0?target=denonext",
    "https://esm.sh/lodash._createset@~4.0.0?target=denonext": "https://esm.sh/lodash._createset@4.0.3?target=denonext",
    "https://esm.sh/lodash._root@~3.0.0?target=denonext": "https://esm.sh/lodash._root@3.0.1?target=denonext",
    "https://esm.sh/lodash._stringtopath@~4.8.0?target=denonext": "https://esm.sh/lodash._stringtopath@4.8.0?target=denonext",
    "https://esm.sh/lodash.throttle@^4.1.1?target=denonext": "https://esm.sh/lodash.throttle@4.1.1?target=denonext",
    "https://esm.sh/node-gyp-build@^4.3.0?target=denonext": "https://esm.sh/node-gyp-build@4.8.4?target=denonext",
    "https://esm.sh/proper-lockfile@^4.1.2?target=denonext": "https://esm.sh/proper-lockfile@4.1.2?target=denonext",
    "https://esm.sh/querystringify@^2.1.1?target=denonext": "https://esm.sh/querystringify@2.2.0?target=denonext",
    "https://esm.sh/requires-port@^1.0.0?target=denonext": "https://esm.sh/requires-port@1.0.0?target=denonext",
    "https://esm.sh/retry@^0.12.0?target=denonext": "https://esm.sh/retry@0.12.0?target=denonext",
    "https://esm.sh/signal-exit@^3.0.2?target=denonext": "https://esm.sh/signal-exit@3.0.7?target=denonext",
    "https://esm.sh/tr46@~0.0.3?target=denonext": "https://esm.sh/tr46@0.0.3?target=denonext",
    "https://esm.sh/url-parse@^1.5.7?target=denonext": "https://esm.sh/url-parse@1.5.10?target=denonext",
    "https://esm.sh/utf-8-validate@%3E=5.0.2?target=denonext": "https://esm.sh/utf-8-validate@6.0.5?target=denonext",
    "https://esm.sh/webidl-conversions@^3.0.0?target=denonext": "https://esm.sh/webidl-conversions@3.0.1?target=denonext",
    "https://esm.sh/whatwg-url@^5.0.0?target=denonext": "https://esm.sh/whatwg-url@5.0.0?target=denonext",
    "https://esm.sh/ws@^8.18.0?target=denonext": "https://esm.sh/ws@8.18.1?target=denonext"
  },
  "remote": {
    "https://deno.land/std@0.203.0/assert/assert.ts": "9a97dad6d98c238938e7540736b826440ad8c1c1e54430ca4c4e623e585607ee",
    "https://deno.land/std@0.203.0/assert/assertion_error.ts": "4d0bde9b374dfbcbe8ac23f54f567b77024fb67dbb1906a852d67fe050d42f56",
    "https://deno.land/std@0.203.0/async/deferred.ts": "42790112f36a75a57db4a96d33974a936deb7b04d25c6084a9fa8a49f135def8",
    "https://deno.land/std@0.203.0/bytes/concat.ts": "d26d6f3d7922e6d663dacfcd357563b7bf4a380ce5b9c2bbe0c8586662f25ce2",
    "https://deno.land/std@0.203.0/bytes/copy.ts": "939d89e302a9761dcf1d9c937c7711174ed74c59eef40a1e4569a05c9de88219",
    "https://deno.land/std@0.203.0/io/buffer.ts": "2108faba32659e5a390bb59b1b4578ff0120b185d9310dd6fbf3b3a3d5775715",
    "https://deno.land/std@0.203.0/streams/_common.ts": "3b2c1f0287ce2ad51fff4091a7d0f48375c85b0ec341468e76d5ac13bb0014dd",
    "https://deno.land/std@0.203.0/streams/buffer.ts": "6cd773d22cf21bb988a98cc551b5abfc4c3b03516f93eaa3fb6f2f6e16032deb",
    "https://deno.land/std@0.203.0/streams/byte_slice_stream.ts": "c46d7c74836fc8c1a9acd9fe211cbe1bbaaee1b36087c834fb03af4991135c3a",
    "https://deno.land/std@0.203.0/streams/copy.ts": "bbd406bd9a71034a412c05bb0fd8b7964cc7f2e2ad0f0a1cc0463cdc816d540b",
    "https://deno.land/std@0.203.0/streams/delimiter_stream.ts": "ea793d21bfaae27163f0b50d26298a2ad543803283aeaff082df50dd9c08614f",
    "https://deno.land/std@0.203.0/streams/early_zip_readable_streams.ts": "4005fa74162b943f79899e5d7cb96adcbc0a6b867f9144974ed12d30e0a556e1",
    "https://deno.land/std@0.203.0/streams/iterate_reader.ts": "3b42d3056c8ccade561f1c7ac22d5e671e745933d9f9168fd3b5913588d911c3",
    "https://deno.land/std@0.203.0/streams/limited_bytes_transform_stream.ts": "05dc592ffaab83257494d22dd53917e56243c26e5e3129b3f13ddbbbc4785048",
    "https://deno.land/std@0.203.0/streams/limited_transform_stream.ts": "d69ab790232c1b86f53621ad41ef03c235f2abb4b7a1cd51960ad6e12ee55e38",
    "https://deno.land/std@0.203.0/streams/merge_readable_streams.ts": "6ec024e26e118a7c7cc5b2a0c062ace693b7d38bbcda5707975ccad423940f1b",
    "https://deno.land/std@0.203.0/streams/mod.ts": "e133c271474f1e9dc19f5c4959406f5c2101540c56a3e7d7abc6bdb7bcef807e",
    "https://deno.land/std@0.203.0/streams/read_all.ts": "3b20a50af87d1bfebefa9c2dbda49e2b214d8ab0382ffdcc8ce858af80a912be",
    "https://deno.land/std@0.203.0/streams/readable_stream_from_reader.ts": "c4078b6fd4832748f979cb211facf483c82a840f3c0d88752f46d4dcddb3110a",
    "https://deno.land/std@0.203.0/streams/reader_from_iterable.ts": "91d578a6c75e443654a75580a67cf3af1eeb4b186fa0b309f35b49c9c53be2b7",
    "https://deno.land/std@0.203.0/streams/reader_from_stream_reader.ts": "53dfdb6c608005eb9e0610a9f9cbc51c66f34a519363f1abd4e8a09ab4ad8f9e",
    "https://deno.land/std@0.203.0/streams/text_delimiter_stream.ts": "f0dc8ff953a8a77f0d1fa8db1fee62de817f36e20d79b00b1362847e30fbdd90",
    "https://deno.land/std@0.203.0/streams/text_line_stream.ts": "0f2c4b33a5fdb2476f2e060974cba1347cefe99a4af33c28a57524b1a34750fa",
    "https://deno.land/std@0.203.0/streams/to_array_buffer.ts": "de5803ef98cf2bfd8eeaaa17ae4f4d0364377bd6f6e425110e7010c1cb48196b",
    "https://deno.land/std@0.203.0/streams/to_blob.ts": "4cf929b3ffe5d4dbe445d572246159ee2eebf69e998a0ba867b9048fb6e92797",
    "https://deno.land/std@0.203.0/streams/to_json.ts": "10635fac9826392bb8e70bc8354d3beb1058fa1676aa9b6f98257a0d5575f520",
    "https://deno.land/std@0.203.0/streams/to_text.ts": "4018b5f7a0e7ab28d6957c239e401f8b534ef326b7ebd282ca76b3cd55380aab",
    "https://deno.land/std@0.203.0/streams/to_transform_stream.ts": "50af06140c414090df8c3879f46bed4043a5d73caa60352c0c9682a88ec7a8c9",
    "https://deno.land/std@0.203.0/streams/writable_stream_from_writer.ts": "b5ee3ef4d5be0b3214cddf0f87e804a6a31b9a5632c96277912e7543eaec9f40",
    "https://deno.land/std@0.203.0/streams/write_all.ts": "4cdd36256f892fe7aead46338054f6ea813a63765e87bda4c60e8c5a57d1c5c1",
    "https://deno.land/std@0.203.0/streams/writer_from_stream_writer.ts": "7188ce589d6179693b488b478c05137d4d15b93735ca26ec01e6e44aed8cb0c6",
    "https://deno.land/std@0.203.0/streams/zip_readable_streams.ts": "721c5bce8862c8225e60995b2d61c7b1b1d5b5178b60d303a01f453d5c26bb62",
    "https://esm.sh/@supabase/auth-js@2.68.0/denonext/auth-js.mjs": "c3c7ee55b70b7bfac11c1085db2ee95b6ebccf10590336d071b219cf226bb212",
    "https://esm.sh/@supabase/functions-js@2.4.4/denonext/functions-js.mjs": "7adeb257410ef3c4a8a1eb9b4ff416c0075d1c32860ca04913c8a9dace1de6a6",
    "https://esm.sh/@supabase/node-fetch@2.6.15/denonext/node-fetch.mjs": "0bae9052231f4f6dbccc7234d05ea96923dbf967be12f402764580b6bf9f713d",
    "https://esm.sh/@supabase/node-fetch@2.6.15?target=denonext": "4d28c4ad97328403184353f68434f2b6973971507919e9150297413664919cf3",
    "https://esm.sh/@supabase/postgrest-js@1.19.2/denonext/postgrest-js.mjs": "d0a1bb70df26f658c9129401b4677510e359f66646f45bb98adfeb14c2b58560",
    "https://esm.sh/@supabase/realtime-js@2.11.2/denonext/realtime-js.mjs": "c33ac375b6be89c893f9df844d2525a4ace015a35aa6ba236270d00c6605c7ba",
    "https://esm.sh/@supabase/storage-js@2.7.1/denonext/storage-js.mjs": "73ac8cdc95cfcd794fe603dbd7ce06d539ab51538ae6467eabe0f9cc26c993aa",
    "https://esm.sh/@supabase/supabase-js@2.49.1": "947c71e163ca8bb5b538eccb5ee86fbc8da6bcb916a861586db5fad1af4701bb",
    "https://esm.sh/@supabase/supabase-js@2.49.1/denonext/supabase-js.mjs": "35cb49b21ab1bdfb4bdc239a458ebe273a3478be9fbb4380a41efac28ff2bd72",
    "https://esm.sh/bufferutil@4.0.9/denonext/bufferutil.mjs": "13dca4d5bb2c68cbe119f880fa3bd785b9a81a8e02e0834dae604b4b85295cd8",
    "https://esm.sh/bufferutil@4.0.9?target=denonext": "e32574569ab438facfcc3f412c659b0719bbf05477136ca176938c9a3ac45125",
    "https://esm.sh/combine-errors@3.0.3/denonext/combine-errors.mjs": "4999d76983bc7214c62d10065b5bad0fc401c85f941805e2a82e5aeaace458c5",
    "https://esm.sh/combine-errors@3.0.3?target=denonext": "5db9e50be2726863a7c5290c2b9f152dae17edf6560a724916d17c2dd76f81c4",
    "https://esm.sh/custom-error-instance@2.1.1/denonext/custom-error-instance.mjs": "d13f60c07110595294d0fbeabe79bcc1cb53d137c23890812187312c1768ac09",
    "https://esm.sh/graceful-fs@4.2.11/denonext/graceful-fs.mjs": "448851410a9b8907727d70fdb06181bd4746c624e0d22accb536cff2ceb09065",
    "https://esm.sh/graceful-fs@4.2.11?target=denonext": "a939dcb0889a7766830710a4e825793447ce21c89a16ca202aab16cbb77f2fac",
    "https://esm.sh/is-stream@2.0.1/denonext/is-stream.mjs": "b5b524f43edbdd1bbd2890681d59ad56c2e9104c6aa23fcb5349abdd07824875",
    "https://esm.sh/is-stream@2.0.1?target=denonext": "c459897fef69f7059e31861bb5a4761a4388a412e84c6b9969c8ef833d4bff06",
    "https://esm.sh/js-base64@3.7.7/denonext/js-base64.mjs": "277e909132eeaa5e0814d0a66d664c14891770614d3ec463d6d8d6ee78787f31",
    "https://esm.sh/js-base64@3.7.7?target=denonext": "5b6379296e1f6e8d0c5b5514d6b15f0fe36cd40a5c7b8573f31d0eeb333f033f",
    "https://esm.sh/lodash._baseiteratee@4.7.0/denonext/lodash._baseiteratee.mjs": "aa58d113f827bcf364adae709d3a8f8e0ac9492a304cc2aee49bb850f88b533a",
    "https://esm.sh/lodash._baseiteratee@4.7.0?target=denonext": "6f927336e645713966c1c465bcf4413277438ba1ec82f29b5033cf67766aaf1c",
    "https://esm.sh/lodash._basetostring@4.12.0/denonext/lodash._basetostring.mjs": "e464208a3f57475a6576ead2e837ece83dcfa7b6ffe66990fd7a230563c2a39c",
    "https://esm.sh/lodash._basetostring@4.12.0?target=denonext": "3993f0d0fac52cc21bada502b3740e5fae0f4a42d2bb9bad5b153e01fa1fbc85",
    "https://esm.sh/lodash._baseuniq@4.6.0/denonext/lodash._baseuniq.mjs": "0dc017ae907dc9cd429066cb81039791ba0a6b5c7ef42a7b486003b2b4ee8933",
    "https://esm.sh/lodash._baseuniq@4.6.0?target=denonext": "9b0eb1b5e47bec35cb6ecbfb36ad65103f3c2168432ec56e0d6b9b8452ff8ce7",
    "https://esm.sh/lodash._createset@4.0.3/denonext/lodash._createset.mjs": "cfb3a6443f521111f2e02b2074fadf5125f4f1d22e083eee1f2ce45fd46d668c",
    "https://esm.sh/lodash._createset@4.0.3?target=denonext": "bcb3b4e0a5c621cf887ddecf5ac7b4279eab3e4848d5b57788285d2eb54889e0",
    "https://esm.sh/lodash._root@3.0.1/denonext/lodash._root.mjs": "d910ae1971d6756a586a3a3252a88dd0ed8018d0b5e617c745cb790babd866c1",
    "https://esm.sh/lodash._root@3.0.1?target=denonext": "ed04f9a2f05f0c70e79faaff3f371078d92f93f1e72257ded4c06d06f331ae4d",
    "https://esm.sh/lodash._stringtopath@4.8.0/denonext/lodash._stringtopath.mjs": "e9b6cf221002c1f196b4b0e40c5f9f2b26dc774debb38d1c000c6a19b2a808ce",
    "https://esm.sh/lodash._stringtopath@4.8.0?target=denonext": "8075d43a998b1d7e0b02ddb82fbb1df43fe816a630ff586b02e6115b05da7c8c",
    "https://esm.sh/lodash.throttle@4.1.1/denonext/lodash.throttle.mjs": "1f6f758a79d3881db83382efc1cc0c71a0689f6d4255132cc5fbf46a99099271",
    "https://esm.sh/lodash.throttle@4.1.1?target=denonext": "978c1772eb04c559299a3f9831404b934cef50ca6d862c249e2d36f5ba776a41",
    "https://esm.sh/lodash.uniqby@4.5.0/denonext/lodash.uniqby.mjs": "f50439d69af6f2fab8642792b34f426fe5f8961d101254a7c64ff8bf43a64002",
    "https://esm.sh/node-gyp-build@4.8.4/denonext/node-gyp-build.mjs": "9a86f2d044fc77bd60aaa3d697c2ba1b818da5fb1b9aaeedec59a40b8e908803",
    "https://esm.sh/node-gyp-build@4.8.4?target=denonext": "261a6cedf1fdbf159798141ba1e2311ac1510682c5c8b55dacc8cf5fdee4aa06",
    "https://esm.sh/proper-lockfile@4.1.2/denonext/proper-lockfile.mjs": "c901fe95653ac63c9ff247e3edb4b6babf86465a0f5ad17a48ef886968975dbe",
    "https://esm.sh/proper-lockfile@4.1.2?target=denonext": "1687f8e8d0693a289e4ff98689188f300cfd78aa80120ffa38bf1f8dca10db77",
    "https://esm.sh/querystringify@2.2.0/denonext/querystringify.mjs": "9785a463d587eae6d3cf0fc1e6e5ff2af165c8d9b920f26165c2991b5ce837b2",
    "https://esm.sh/querystringify@2.2.0?target=denonext": "fa80faff4709f72422e46f24fae0ce58b44300ebcbba9d988d8fda211b0bfb69",
    "https://esm.sh/requires-port@1.0.0/denonext/requires-port.mjs": "4ed7f15c2a35d1e8b529c758202a7837ab4a4f92c984c2f34ec40d81aa259190",
    "https://esm.sh/requires-port@1.0.0?target=denonext": "d75e802ef14a2ff2956831bd0740889ded22458abcc066aaddb751ec2c9b7444",
    "https://esm.sh/retry@0.12.0/denonext/retry.mjs": "b69b0afe38f77901468b6719900c5a6fdee5fa6793bdbaeaa06fa40a0ac40293",
    "https://esm.sh/retry@0.12.0?target=denonext": "3dc8be13060c098d62b210a328f1f7921c409c67238179e6d9af01d11bd7b93f",
    "https://esm.sh/signal-exit@3.0.7/denonext/signal-exit.mjs": "22067b9a5518f80b9d1c8a788437bf209414279f2f84d1a62ab8473acf86c6d7",
    "https://esm.sh/signal-exit@3.0.7?target=denonext": "adfbd3bc10826300d1ee32d450a83aa0232a08addc4e02c6c294956340cfa7fd",
    "https://esm.sh/tr46@0.0.3/denonext/tr46.mjs": "5753ec0a99414f4055f0c1f97691100f13d88e48a8443b00aebb90a512785fa2",
    "https://esm.sh/tr46@0.0.3?target=denonext": "19cb9be0f0d418a0c3abb81f2df31f080e9540a04e43b0f699bce1149cba0cbb",
    "https://esm.sh/tus-js-client@3.0.1": "d8acef3c9f166c4c2d6d4ec01267cbb88d57ce3a8b39b95e1f11726c9ab40177",
    "https://esm.sh/tus-js-client@3.0.1/denonext/tus-js-client.mjs": "654c64c86e8612a558b2437d6abde105fdf44f4bc359f71fe9e4e66f17794624",
    "https://esm.sh/url-parse@1.5.10/denonext/url-parse.mjs": "32deda7590b084ed40e10552c56abf38d46b983dfb25102c3e5a19720385557a",
    "https://esm.sh/url-parse@1.5.10?target=denonext": "b301fcd411b6aa47b9fed837cc5b7ff75c6c94c702ba138f27b39cd6062cb714",
    "https://esm.sh/utf-8-validate@6.0.5/denonext/utf-8-validate.mjs": "66b8ea532a0c745068f5b96ddb1bae332c3036703243541d2e89e66331974d98",
    "https://esm.sh/utf-8-validate@6.0.5?target=denonext": "071bc33ba1a58297e23a34d69dd589fd06df04b0f373b382ff5da544a623f271",
    "https://esm.sh/webidl-conversions@3.0.1/denonext/webidl-conversions.mjs": "54b5c2d50a294853c4ccebf9d5ed8988c94f4e24e463d84ec859a866ea5fafec",
    "https://esm.sh/webidl-conversions@3.0.1?target=denonext": "4e20318d50528084616c79d7b3f6e7f0fe7b6d09013bd01b3974d7448d767e29",
    "https://esm.sh/whatwg-url@5.0.0/denonext/whatwg-url.mjs": "29b16d74ee72624c915745bbd25b617cfd2248c6af0f5120d131e232a9a9af79",
    "https://esm.sh/whatwg-url@5.0.0?target=denonext": "f001a2cadf81312d214ca330033f474e74d81a003e21e8c5d70a1f46dc97b02d",
    "https://esm.sh/ws@8.18.1/denonext/ws.mjs": "732cae76ba0acb311a561003d2f7ef569293cb9159d67dd800ab346b84f80432",
    "https://esm.sh/ws@8.18.1?target=denonext": "e99b670fc49b38e15a7576ddcd5bb01e123fe9b3a017db7f97898127811b4e27"
  }
}
